
Microsoft Visual Studio Solution File, Format Version 12.00
# Visual Studio Version 16
VisualStudioVersion = 16.0.28711.60
MinimumVisualStudioVersion = 10.0.40219.1
Project("{9A19103F-16F7-4668-BE54-9A1E7A4F7556}") = "DiscordRPC.NETStandard", "DiscordRPC\DiscordRPC.NETStandard.csproj", "{C87E757F-39C5-46C6-819B-CB65EB21EB42}"
EndProject
Global
	GlobalSection(SolutionConfigurationPlatforms) = preSolution
		Debug|Any CPU = Debug|Any CPU
		Release|Any CPU = Release|Any CPU
	EndGlobalSection
	GlobalSection(ProjectConfigurationPlatforms) = postSolution
		{C87E757F-39C5-46C6-819B-CB65EB21EB42}.Debug|Any CPU.ActiveCfg = Debug|Any CPU
		{C87E757F-39C5-46C6-819B-CB65EB21EB42}.Debug|Any CPU.Build.0 = Debug|Any CPU
		{C87E757F-39C5-46C6-819B-CB65EB21EB42}.Release|Any CPU.ActiveCfg = Release|Any CPU
		{C87E757F-39C5-46C6-819B-CB65EB21EB42}.Release|Any CPU.Build.0 = Release|Any CPU
	EndGlobalSection
	GlobalSection(SolutionProperties) = preSolution
		HideSolutionNode = FALSE
	EndGlobalSection
	GlobalSection(ExtensibilityGlobals) = postSolution
		SolutionGuid = {836162DF-AEF8-4551-8562-FEAD0F4550E3}
	EndGlobalSection
EndGlobal
